
Microsoft Visual Studio Solution File, Format Version 12.00
# Visual Studio Version 17
VisualStudioVersion = 17.8.34330.188
MinimumVisualStudioVersion = 10.0.40219.1
Project("{FAE04EC0-301F-11D3-BF4B-00C04F79EFBC}") = "TelnetTapServer", "TelnetTapServer\TelnetTapServer.csproj", "{0809A7BD-887B-4C0A-8084-8B2FFFEE25D1}"
EndProject
Global
	GlobalSection(SolutionConfigurationPlatforms) = preSolution
		Debug|Any CPU = Debug|Any CPU
		Release|Any CPU = Release|Any CPU
	EndGlobalSection
	GlobalSection(ProjectConfigurationPlatforms) = postSolution
		{0809A7BD-887B-4C0A-8084-8B2FFFEE25D1}.Debug|Any CPU.ActiveCfg = Debug|Any CPU
		{0809A7BD-887B-4C0A-8084-8B2FFFEE25D1}.Debug|Any CPU.Build.0 = Debug|Any CPU
		{0809A7BD-887B-4C0A-8084-8B2FFFEE25D1}.Release|Any CPU.ActiveCfg = Release|Any CPU
		{0809A7BD-887B-4C0A-8084-8B2FFFEE25D1}.Release|Any CPU.Build.0 = Release|Any CPU
	EndGlobalSection
	GlobalSection(SolutionProperties) = preSolution
		HideSolutionNode = FALSE
	EndGlobalSection
	GlobalSection(ExtensibilityGlobals) = postSolution
		SolutionGuid = {66523C42-4031-47BD-AAE4-7927A73A7824}
	EndGlobalSection
EndGlobal
